{
  "name": "javatemp",
  "version": "1.0.0",
  "lockfileVersion": 1,
  "requires": true,
  "dependencies": {
    "google-closure-library": {
      "version": "20200406.0.0",
      "resolved": "https://registry.npmjs.org/google-closure-library/-/google-closure-library-20200406.0.0.tgz",
      "integrity": "sha512-gk6TI6sRVfL3aAFxtVu6BaQp3/eWVmpvY1RWmwFcCGFNQ8qYAudFE/OqPDSr/bNrf9H1/OgOh71oEwpuMerqCA=="
    },
    "incremental-dom": {
      "version": "0.7.0",
      "resolved": "https://registry.npmjs.org/incremental-dom/-/incremental-dom-0.7.0.tgz",
      "integrity": "sha512-SBHQ6AiCmtwh7TU9hjq2CspasJe7ggGa9k+qYZft+d5Qq9v7V+07wlnRSZH5GGYjI8wn6U5p7dDua7f1bih52g=="
    },
    "tslib": {
      "version": "1.11.1",
      "resolved": "https://registry.npmjs.org/tslib/-/tslib-1.11.1.tgz",
      "integrity": "sha512-aZW88SY8kQbU7gpV19lN24LtXh/yD4ZZg6qieAJDDg+YBsJcSmLGK9QpnUjAKVG/xefmvJGd1WUmfpT/g6AJGA=="
    }
  }
}
